
Microsoft Visual Studio Solution File, Format Version 12.00
# Visual Studio 15
VisualStudioVersion = 15.0.27130.2003
MinimumVisualStudioVersion = 10.0.40219.1
Project("{FAE04EC0-301F-11D3-BF4B-00C04F79EFBC}") = "MVC5RealWorld", "MVC5RealWorld\MVC5RealWorld.csproj", "{40CAF53F-5318-4088-8510-BFFEE5975F37}"
EndProject
Project("{FAE04EC0-301F-11D3-BF4B-00C04F79EFBC}") = "MVC5RealWorld.Tests", "MVC5RealWorld.Tests\MVC5RealWorld.Tests.csproj", "{5A9B86EE-B88C-479D-B88D-34C33A8FC002}"
EndProject
Global
	GlobalSection(SolutionConfigurationPlatforms) = preSolution
		Debug|Any CPU = Debug|Any CPU
		Release|Any CPU = Release|Any CPU
	EndGlobalSection
	GlobalSection(ProjectConfigurationPlatforms) = postSolution
		{40CAF53F-5318-4088-8510-BFFEE5975F37}.Debug|Any CPU.ActiveCfg = Debug|Any CPU
		{40CAF53F-5318-4088-8510-BFFEE5975F37}.Debug|Any CPU.Build.0 = Debug|Any CPU
		{40CAF53F-5318-4088-8510-BFFEE5975F37}.Release|Any CPU.ActiveCfg = Release|Any CPU
		{40CAF53F-5318-4088-8510-BFFEE5975F37}.Release|Any CPU.Build.0 = Release|Any CPU
		{5A9B86EE-B88C-479D-B88D-34C33A8FC002}.Debug|Any CPU.ActiveCfg = Debug|Any CPU
		{5A9B86EE-B88C-479D-B88D-34C33A8FC002}.Debug|Any CPU.Build.0 = Debug|Any CPU
		{5A9B86EE-B88C-479D-B88D-34C33A8FC002}.Release|Any CPU.ActiveCfg = Release|Any CPU
		{5A9B86EE-B88C-479D-B88D-34C33A8FC002}.Release|Any CPU.Build.0 = Release|Any CPU
	EndGlobalSection
	GlobalSection(SolutionProperties) = preSolution
		HideSolutionNode = FALSE
	EndGlobalSection
	GlobalSection(ExtensibilityGlobals) = postSolution
		SolutionGuid = {F21D5BFE-D46D-4EC3-BF6C-283F43E5EA46}
	EndGlobalSection
EndGlobal
